
Microsoft Visual Studio Solution File, Format Version 12.00
# Visual Studio Version 16
VisualStudioVersion = 16.0.28803.202
MinimumVisualStudioVersion = 10.0.40219.1
Project("{FAE04EC0-301F-11D3-BF4B-00C04F79EFBC}") = "WebApplication1", "WebApplication1\WebApplication1.csproj", "{BFF4611E-772B-440F-855E-D26F85B3E490}"
EndProject
Global
	GlobalSection(SolutionConfigurationPlatforms) = preSolution
		Debug|Any CPU = Debug|Any CPU
		Release|Any CPU = Release|Any CPU
	EndGlobalSection
	GlobalSection(ProjectConfigurationPlatforms) = postSolution
		{BFF4611E-772B-440F-855E-D26F85B3E490}.Debug|Any CPU.ActiveCfg = Debug|Any CPU
		{BFF4611E-772B-440F-855E-D26F85B3E490}.Debug|Any CPU.Build.0 = Debug|Any CPU
		{BFF4611E-772B-440F-855E-D26F85B3E490}.Release|Any CPU.ActiveCfg = Release|Any CPU
		{BFF4611E-772B-440F-855E-D26F85B3E490}.Release|Any CPU.Build.0 = Release|Any CPU
	EndGlobalSection
	GlobalSection(SolutionProperties) = preSolution
		HideSolutionNode = FALSE
	EndGlobalSection
	GlobalSection(ExtensibilityGlobals) = postSolution
		SolutionGuid = {36B5A607-6508-4A45-AF91-B32E54D5CDEF}
	EndGlobalSection
EndGlobal
